
Microsoft Visual Studio Solution File, Format Version 12.00
# Visual Studio Version 16
VisualStudioVersion = 16.0.29001.49
MinimumVisualStudioVersion = 10.0.40219.1
Project("{FAE04EC0-301F-11D3-BF4B-00C04F79EFBC}") = "LimatamboAdmin", "LimatamboAdmin\LimatamboAdmin.csproj", "{53716891-EE19-42B5-891B-363A8E437D8F}"
EndProject
Global
	GlobalSection(SolutionConfigurationPlatforms) = preSolution
		Debug|Any CPU = Debug|Any CPU
		Release|Any CPU = Release|Any CPU
	EndGlobalSection
	GlobalSection(ProjectConfigurationPlatforms) = postSolution
		{53716891-EE19-42B5-891B-363A8E437D8F}.Debug|Any CPU.ActiveCfg = Debug|Any CPU
		{53716891-EE19-42B5-891B-363A8E437D8F}.Debug|Any CPU.Build.0 = Debug|Any CPU
		{53716891-EE19-42B5-891B-363A8E437D8F}.Release|Any CPU.ActiveCfg = Release|Any CPU
		{53716891-EE19-42B5-891B-363A8E437D8F}.Release|Any CPU.Build.0 = Release|Any CPU
	EndGlobalSection
	GlobalSection(SolutionProperties) = preSolution
		HideSolutionNode = FALSE
	EndGlobalSection
	GlobalSection(ExtensibilityGlobals) = postSolution
		SolutionGuid = {1224172A-40F8-44E8-96A0-15636A5B5B9A}
	EndGlobalSection
EndGlobal
